
Microsoft Visual Studio Solution File, Format Version 12.00
# Visual Studio Version 17
VisualStudioVersion = 17.13.35806.99 d17.13
MinimumVisualStudioVersion = 10.0.40219.1
Project("{FAE04EC0-301F-11D3-BF4B-00C04F79EFBC}") = "Restaurant", "Restaurant\Restaurant.csproj", "{621FE165-649B-42F9-B629-C01548E872A4}"
EndProject
Global
	GlobalSection(SolutionConfigurationPlatforms) = preSolution
		Debug|Any CPU = Debug|Any CPU
		Release|Any CPU = Release|Any CPU
	EndGlobalSection
	GlobalSection(ProjectConfigurationPlatforms) = postSolution
		{621FE165-649B-42F9-B629-C01548E872A4}.Debug|Any CPU.ActiveCfg = Debug|Any CPU
		{621FE165-649B-42F9-B629-C01548E872A4}.Debug|Any CPU.Build.0 = Debug|Any CPU
		{621FE165-649B-42F9-B629-C01548E872A4}.Release|Any CPU.ActiveCfg = Release|Any CPU
		{621FE165-649B-42F9-B629-C01548E872A4}.Release|Any CPU.Build.0 = Release|Any CPU
	EndGlobalSection
	GlobalSection(SolutionProperties) = preSolution
		HideSolutionNode = FALSE
	EndGlobalSection
	GlobalSection(ExtensibilityGlobals) = postSolution
		SolutionGuid = {1627EB6A-8A11-4736-BA17-8F2670474B8D}
	EndGlobalSection
EndGlobal
